// !$*UTF8*$!
{
	archiveVersion = 1;
	classes = {
	};
	objectVersion = 46;
	objects = {

/* Begin PBXBuildFile section */
		DB9A34AB1E32A3600073CFEA /* AppDelegate.swift in Sources */ = {isa = PBXBuildFile; fileRef = DB9A34AA1E32A3600073CFEA /* AppDelegate.swift */; };
		DB9A34AD1E32A3600073CFEA /* ViewController.swift in Sources */ = {isa = PBXBuildFile; fileRef = DB9A34AC1E32A3600073CFEA /* ViewController.swift */; };
		DB9A34B01E32A3600073CFEA /* Main.storyboard in Resources */ = {isa = PBXBuildFile; fileRef = DB9A34AE1E32A3600073CFEA /* Main.storyboard */; };
		DB9A34B21E32A3600073CFEA /* Assets.xcassets in Resources */ = {isa = PBXBuildFile; fileRef = DB9A34B11E32A3600073CFEA /* Assets.xcassets */; };
		DB9A34B51E32A3600073CFEA /* LaunchScreen.storyboard in Resources */ = {isa = PBXBuildFile; fileRef = DB9A34B31E32A3600073CFEA /* LaunchScreen.storyboard */; };
/* End PBXBuildFile section */

/* Begin PBXFileReference section */
		DB9A34A71E32A3600073CFEA /* PageTheScroll.app */ = {isa = PBXFileReference; explicitFileType = wrapper.application; includeInIndex = 0; path = PageTheScroll.app; sourceTree = BUILT_PRODUCTS_DIR; };
		DB9A34AA1E32A3600073CFEA /* AppDelegate.swift */ = {isa = PBXFileReference; lastKnownFileType = sourcecode.swift; path = AppDelegate.swift; sourceTree = "<group>"; };
		DB9A34AC1E32A3600073CFEA /* ViewController.swift */ = {isa = PBXFileReference; lastKnownFileType = sourcecode.swift; path = ViewController.swift; sourceTree = "<group>"; };
		DB9A34AF1E32A3600073CFEA /* Base */ = {isa = PBXFileReference; lastKnownFileType = file.storyboard; name = Base; path = Base.lproj/Main.storyboard; sourceTree = "<group>"; };
		DB9A34B11E32A3600073CFEA /* Assets.xcassets */ = {isa = PBXFileReference; lastKnownFileType = folder.assetcatalog; path = Assets.xcassets; sourceTree = "<group>"; };
		DB9A34B41E32A3600073CFEA /* Base */ = {isa = PBXFileReference; lastKnownFileType = file.storyboard; name = Base; path = Base.lproj/LaunchScreen.storyboard; sourceTree = "<group>"; };
		DB9A34B61E32A3600073CFEA /* Info.plist */ = {isa = PBXFileReference; lastKnownFileType = text.plist.xml; path = Info.plist; sourceTree = "<group>"; };
/* End PBXFileReference section */

/* Begin PBXFrameworksBuildPhase section */
		DB9A34A41E32A3600073CFEA /* Frameworks */ = {
			isa = PBXFrameworksBuildPhase;
			buildActionMask = 2147483647;
			files = (
			);
			runOnlyForDeploymentPostprocessing = 0;
		};
/* End PBXFrameworksBuildPhase section */

/* Begin PBXGroup section */
		DB9A349E1E32A3600073CFEA = {
			isa = PBXGroup;
			children = (
				DB9A34A91E32A3600073CFEA /* PageTheScroll */,
				DB9A34A81E32A3600073CFEA /* Products */,
			);
			sourceTree = "<group>";
		};
		DB9A34A81E32A3600073CFEA /* Products */ = {
			isa = PBXGroup;
			children = (
				DB9A34A71E32A3600073CFEA /* PageTheScroll.app */,
			);
			name = Products;
			sourceTree = "<group>";
		};
		DB9A34A91E32A3600073CFEA /* PageTheScroll */ = {
			isa = PBXGroup;
			children = (
				DB9A34AA1E32A3600073CFEA /* AppDelegate.swift */,
				DB9A34AC1E32A3600073CFEA /* ViewController.swift */,
				DB9A34AE1E32A3600073CFEA /* Main.storyboard */,
				DB9A34B11E32A3600073CFEA /* Assets.xcassets */,
				DB9A34B31E32A3600073CFEA /* LaunchScreen.storyboard */,
				DB9A34B61E32A3600073CFEA /* Info.plist */,
			);
			path = PageTheScroll;
			sourceTree = "<group>";
		};
/* End PBXGroup section */

/* Begin PBXNativeTarget section */
		DB9A34A61E32A3600073CFEA /* PageTheScroll */ = {
			isa = PBXNativeTarget;
			buildConfigurationList = DB9A34B91E32A3600073CFEA /* Build configuration list for PBXNativeTarget "PageTheScroll" */;
			buildPhases = (
				DB9A34A31E32A3600073CFEA /* Sources */,
				DB9A34A41E32A3600073CFEA /* Frameworks */,
				DB9A34A51E32A3600073CFEA /* Resources */,
			);
			buildRules = (
			);
			dependencies = (
			);
			name = PageTheScroll;
			productName = PageTheScroll;
			productReference = DB9A34A71E32A3600073CFEA /* PageTheScroll.app */;
			productType = "com.apple.product-type.application";
		};
/* End PBXNativeTarget section */

/* Begin PBXProject section */
		DB9A349F1E32A3600073CFEA /* Project object */ = {
			isa = PBXProject;
			attributes = {
				LastSwiftUpdateCheck = 0820;
				LastUpgradeCheck = 0820;
				ORGANIZATIONNAME = "Caio Alcântara";
				TargetAttributes = {
					DB9A34A61E32A3600073CFEA = {
						CreatedOnToolsVersion = 8.2.1;
						DevelopmentTeam = 42QU6XXW6Z;
						ProvisioningStyle = Automatic;
					};
				};
			};
			buildConfigurationList = DB9A34A21E32A3600073CFEA /* Build configuration list for PBXProject "PageTheScroll" */;
			compatibilityVersion = "Xcode 3.2";
			developmentRegion = English;
			hasScannedForEncodings = 0;
			knownRegions = (
				en,
				Base,
			);
			mainGroup = DB9A349E1E32A3600073CFEA;
			productRefGroup = DB9A34A81E32A3600073CFEA /* Products */;
			projectDirPath = "";
			projectRoot = "";
			targets = (
				DB9A34A61E32A3600073CFEA /* PageTheScroll */,
			);
		};
/* End PBXProject section */

/* Begin PBXResourcesBuildPhase section */
		DB9A34A51E32A3600073CFEA /* Resources */ = {
			isa = PBXResourcesBuildPhase;
			buildActionMask = 2147483647;
			files = (
				DB9A34B51E32A3600073CFEA /* LaunchScreen.storyboard in Resources */,
				DB9A34B21E32A3600073CFEA /* Assets.xcassets in Resources */,
				DB9A34B01E32A3600073CFEA /* Main.storyboard in Resources */,
			);
			runOnlyForDeploymentPostprocessing = 0;
		};
/* End PBXResourcesBuildPhase section */

/* Begin PBXSourcesBuildPhase section */
		DB9A34A31E32A3600073CFEA /* Sources */ = {
			isa = PBXSourcesBuildPhase;
			buildActionMask = 2147483647;
			files = (
				DB9A34AD1E32A3600073CFEA /* ViewController.swift in Sources */,
				DB9A34AB1E32A3600073CFEA /* AppDelegate.swift in Sources */,
			);
			runOnlyForDeploymentPostprocessing = 0;
		};
/* End PBXSourcesBuildPhase section */

/* Begin PBXVariantGroup section */
		DB9A34AE1E32A3600073CFEA /* Main.storyboard */ = {
			isa = PBXVariantGroup;
			children = (
				DB9A34AF1E32A3600073CFEA /* Base */,
			);
			name = Main.storyboard;
			sourceTree = "<group>";
		};
		DB9A34B31E32A3600073CFEA /* LaunchScreen.storyboard */ = {
			isa = PBXVariantGroup;
			children = (
				DB9A34B41E32A3600073CFEA /* Base */,
			);
			name = LaunchScreen.storyboard;
			sourceTree = "<group>";
		};
/* End PBXVariantGroup section */

/* Begin XCBuildConfiguration section */
		DB9A34B71E32A3600073CFEA /* Debug */ = {
			isa = XCBuildConfiguration;
			buildSettings = {
				ALWAYS_SEARCH_USER_PATHS = NO;
				CLANG_ANALYZER_NONNULL = YES;
				CLANG_CXX_LANGUAGE_STANDARD = "gnu++0x";
				CLANG_CXX_LIBRARY = "libc++";
				CLANG_ENABLE_MODULES = YES;
				CLANG_ENABLE_OBJC_ARC = YES;
				CLANG_WARN_BOOL_CONVERSION = YES;
				CLANG_WARN_CONSTANT_CONVERSION = YES;
				CLANG_WARN_DIRECT_OBJC_ISA_USAGE = YES_ERROR;
				CLANG_WARN_DOCUMENTATION_COMMENTS = YES;
				CLANG_WARN_EMPTY_BODY = YES;
				CLANG_WARN_ENUM_CONVERSION = YES;
				CLANG_WARN_INFINITE_RECURSION = YES;
				CLANG_WARN_INT_CONVERSION = YES;
				CLANG_WARN_OBJC_ROOT_CLASS = YES_ERROR;
				CLANG_WARN_SUSPICIOUS_MOVE = YES;
				CLANG_WARN_UNREACHABLE_CODE = YES;
				CLANG_WARN__DUPLICATE_METHOD_MATCH = YES;
				"CODE_SIGN_IDENTITY[sdk=iphoneos*]" = "iPhone Developer";
				COPY_PHASE_STRIP = NO;
				DEBUG_INFORMATION_FORMAT = dwarf;
				ENABLE_STRICT_OBJC_MSGSEND = YES;
				ENABLE_TESTABILITY = YES;
				GCC_C_LANGUAGE_STANDARD = gnu99;
				GCC_DYNAMIC_NO_PIC = NO;
				GCC_NO_COMMON_BLOCKS = YES;
				GCC_OPTIMIZATION_LEVEL = 0;
				GCC_PREPROCESSOR_DEFINITIONS = (
					"DEBUG=1",
					"$(inherited)",
				);
				GCC_WARN_64_TO_32_BIT_CONVERSION = YES;
				GCC_WARN_ABOUT_RETURN_TYPE = YES_ERROR;
				GCC_WARN_UNDECLARED_SELECTOR = YES;
				GCC_WARN_UNINITIALIZED_AUTOS = YES_AGGRESSIVE;
				GCC_WARN_UNUSED_FUNCTION = YES;
				GCC_WARN_UNUSED_VARIABLE = YES;
				IPHONEOS_DEPLOYMENT_TARGET = 10.2;
				MTL_ENABLE_DEBUG_INFO = YES;
				ONLY_ACTIVE_ARCH = YES;
				SDKROOT = iphoneos;
				SWIFT_ACTIVE_COMPILATION_CONDITIONS = DEBUG;
				SWIFT_OPTIMIZATION_LEVEL = "-Onone";
			};
			name = Debug;
		};
		DB9A34B81E32A3600073CFEA /* Release */ = {
			isa = XCBuildConfiguration;
			buildSettings = {
				ALWAYS_SEARCH_USER_PATHS = NO;
				CLANG_ANALYZER_NONNULL = YES;
				CLANG_CXX_LANGUAGE_STANDARD = "gnu++0x";
				CLANG_CXX_LIBRARY = "libc++";
				CLANG_ENABLE_MODULES = YES;
				CLANG_ENABLE_OBJC_ARC = YES;
				CLANG_WARN_BOOL_CONVERSION = YES;
				CLANG_WARN_CONSTANT_CONVERSION = YES;
				CLANG_WARN_DIRECT_OBJC_ISA_USAGE = YES_ERROR;
				CLANG_WARN_DOCUMENTATION_COMMENTS = YES;
				CLANG_WARN_EMPTY_BODY = YES;
				CLANG_WARN_ENUM_CONVERSION = YES;
				CLANG_WARN_INFINITE_RECURSION = YES;
				CLANG_WARN_INT_CONVERSION = YES;
				CLANG_WARN_OBJC_ROOT_CLASS = YES_ERROR;
				CLANG_WARN_SUSPICIOUS_MOVE = YES;
				CLANG_WARN_UNREACHABLE_CODE = YES;
				CLANG_WARN__DUPLICATE_METHOD_MATCH = YES;
				"CODE_SIGN_IDENTITY[sdk=iphoneos*]" = "iPhone Developer";
				COPY_PHASE_STRIP = NO;
				DEBUG_INFORMATION_FORMAT = "dwarf-with-dsym";
				ENABLE_NS_ASSERTIONS = NO;
				ENABLE_STRICT_OBJC_MSGSEND = YES;
				GCC_C_LANGUAGE_STANDARD = gnu99;
				GCC_NO_COMMON_BLOCKS = YES;
				GCC_WARN_64_TO_32_BIT_CONVERSION = YES;
				GCC_WARN_ABOUT_RETURN_TYPE = YES_ERROR;
				GCC_WARN_UNDECLARED_SELECTOR = YES;
				GCC_WARN_UNINITIALIZED_AUTOS = YES_AGGRESSIVE;
				GCC_WARN_UNUSED_FUNCTION = YES;
				GCC_WARN_UNUSED_VARIABLE = YES;
				IPHONEOS_DEPLOYMENT_TARGET = 10.2;
				MTL_ENABLE_DEBUG_INFO = NO;
				SDKROOT = iphoneos;
				SWIFT_OPTIMIZATION_LEVEL = "-Owholemodule";
				VALIDATE_PRODUCT = YES;
			};
			name = Release;
		};
		DB9A34BA1E32A3600073CFEA /* Debug */ = {
			isa = XCBuildConfiguration;
			buildSettings = {
				ASSETCATALOG_COMPILER_APPICON_NAME = AppIcon;
				DEVELOPMENT_TEAM = 42QU6XXW6Z;
				INFOPLIST_FILE = PageTheScroll/Info.plist;
				LD_RUNPATH_SEARCH_PATHS = "$(inherited) @executable_path/Frameworks";
				PRODUCT_BUNDLE_IDENTIFIER = "-ytech.PageTheScroll";
				PRODUCT_NAME = "$(TARGET_NAME)";
				SWIFT_VERSION = 3.0;
			};
			name = Debug;
		};
		DB9A34BB1E32A3600073CFEA /* Release */ = {
			isa = XCBuildConfiguration;
			buildSettings = {
				ASSETCATALOG_COMPILER_APPICON_NAME = AppIcon;
				DEVELOPMENT_TEAM = 42QU6XXW6Z;
				INFOPLIST_FILE = PageTheScroll/Info.plist;
				LD_RUNPATH_SEARCH_PATHS = "$(inherited) @executable_path/Frameworks";
				PRODUCT_BUNDLE_IDENTIFIER = "-ytech.PageTheScroll";
				PRODUCT_NAME = "$(TARGET_NAME)";
				SWIFT_VERSION = 3.0;
			};
			name = Release;
		};
/* End XCBuildConfiguration section */

/* Begin XCConfigurationList section */
		DB9A34A21E32A3600073CFEA /* Build configuration list for PBXProject "PageTheScroll" */ = {
			isa = XCConfigurationList;
			buildConfigurations = (
				DB9A34B71E32A3600073CFEA /* Debug */,
				DB9A34B81E32A3600073CFEA /* Release */,
			);
			defaultConfigurationIsVisible = 0;
			defaultConfigurationName = Release;
		};
		DB9A34B91E32A3600073CFEA /* Build configuration list for PBXNativeTarget "PageTheScroll" */ = {
			isa = XCConfigurationList;
			buildConfigurations = (
				DB9A34BA1E32A3600073CFEA /* Debug */,
				DB9A34BB1E32A3600073CFEA /* Release */,
			);
			defaultConfigurationIsVisible = 0;
		};
/* End XCConfigurationList section */
	};
	rootObject = DB9A349F1E32A3600073CFEA /* Project object */;
}
